
Microsoft Visual Studio Solution File, Format Version 12.00
# Visual Studio Version 17
VisualStudioVersion = 17.3.32929.385
MinimumVisualStudioVersion = 10.0.40219.1
Project("{FAE04EC0-301F-11D3-BF4B-00C04F79EFBC}") = "project_2_pobieranie_danych_od_usera", "project_2_pobieranie_danych_od_usera.csproj", "{900D1C48-B5E8-47EA-B0C0-02BC3C00CF91}"
EndProject
Global
	GlobalSection(SolutionConfigurationPlatforms) = preSolution
		Debug|Any CPU = Debug|Any CPU
		Release|Any CPU = Release|Any CPU
	EndGlobalSection
	GlobalSection(ProjectConfigurationPlatforms) = postSolution
		{900D1C48-B5E8-47EA-B0C0-02BC3C00CF91}.Debug|Any CPU.ActiveCfg = Debug|Any CPU
		{900D1C48-B5E8-47EA-B0C0-02BC3C00CF91}.Debug|Any CPU.Build.0 = Debug|Any CPU
		{900D1C48-B5E8-47EA-B0C0-02BC3C00CF91}.Release|Any CPU.ActiveCfg = Release|Any CPU
		{900D1C48-B5E8-47EA-B0C0-02BC3C00CF91}.Release|Any CPU.Build.0 = Release|Any CPU
	EndGlobalSection
	GlobalSection(SolutionProperties) = preSolution
		HideSolutionNode = FALSE
	EndGlobalSection
	GlobalSection(ExtensibilityGlobals) = postSolution
		SolutionGuid = {68ABBE16-E7D7-4F61-9324-E93F2C163EE5}
	EndGlobalSection
EndGlobal
